PODS:
  - KSMediaPlayerService (1.0.1)

DEPENDENCIES:
  - KSMediaPlayerService (from `../`)

EXTERNAL SOURCES:
  KSMediaPlayerService:
    :path: "../"

SPEC CHECKSUMS:
  KSMediaPlayerService: 13c7c875239b0d27b788fec45c980b1b9403c7d6

PODFILE CHECKSUM: 285fc715f28c0df60563d17579cdf70f2ea498e1

COCOAPODS: 1.10.1
